Microsoft Visual Studio Solution File, Format Version 12.00
# Visual Studio Version 17
VisualStudioVersion = 17.0.31903.59
MinimumVisualStudioVersion = 10.0.40219.1
Project("{FAE04EC0-301F-11D3-BF4B-00C04F79EFBC}") = "TansiqyV1.API", "TansiqyV1.API\TansiqyV1.API.csproj", "{20F07B2E-70E2-4F80-B73E-1BA4E2B2A5B8}"
EndProject
Project("{FAE04EC0-301F-11D3-BF4B-00C04F79EFBC}") = "TansiqyV1.BLL", "TansiqyV1.BLL\TansiqyV1.BLL.csproj", "{FAEDBEF0-7C8D-4495-8A83-639C0B776774}"
EndProject
Project("{FAE04EC0-301F-11D3-BF4B-00C04F79EFBC}") = "TansiqyV1.DAL", "TansiqyV1.DAL\TansiqyV1.DAL.csproj", "{8F1C569E-0414-47DE-A136-1799FFF246E9}"
EndProject
Project("{FAE04EC0-301F-11D3-BF4B-00C04F79EFBC}") = "TansiqyV1.PL", "TansiqyV1.PL\TansiqyV1.PL.csproj", "{A1B2C3D4-E5F6-47A8-B9C0-D1E2F3041526}"
EndProject
Global
	GlobalSection(SolutionConfigurationPlatforms) = preSolution
		Debug|Any CPU = Debug|Any CPU
		Release|Any CPU = Release|Any CPU
	EndGlobalSection
	GlobalSection(ProjectConfigurationPlatforms) = postSolution
		{20F07B2E-70E2-4F80-B73E-1BA4E2B2A5B8}.Debug|Any CPU.ActiveCfg = Debug|Any CPU
		{20F07B2E-70E2-4F80-B73E-1BA4E2B2A5B8}.Debug|Any CPU.Build.0 = Debug|Any CPU
		{20F07B2E-70E2-4F80-B73E-1BA4E2B2A5B8}.Release|Any CPU.ActiveCfg = Release|Any CPU
		{20F07B2E-70E2-4F80-B73E-1BA4E2B2A5B8}.Release|Any CPU.Build.0 = Release|Any CPU
		{FAEDBEF0-7C8D-4495-8A83-639C0B776774}.Debug|Any CPU.ActiveCfg = Debug|Any CPU
		{FAEDBEF0-7C8D-4495-8A83-639C0B776774}.Debug|Any CPU.Build.0 = Debug|Any CPU
		{FAEDBEF0-7C8D-4495-8A83-639C0B776774}.Release|Any CPU.ActiveCfg = Release|Any CPU
		{FAEDBEF0-7C8D-4495-8A83-639C0B776774}.Release|Any CPU.Build.0 = Release|Any CPU
		{8F1C569E-0414-47DE-A136-1799FFF246E9}.Debug|Any CPU.ActiveCfg = Debug|Any CPU
		{8F1C569E-0414-47DE-A136-1799FFF246E9}.Debug|Any CPU.Build.0 = Debug|Any CPU
		{8F1C569E-0414-47DE-A136-1799FFF246E9}.Release|Any CPU.ActiveCfg = Release|Any CPU
		{8F1C569E-0414-47DE-A136-1799FFF246E9}.Release|Any CPU.Build.0 = Release|Any CPU
		{A1B2C3D4-E5F6-47A8-B9C0-D1E2F3041526}.Debug|Any CPU.ActiveCfg = Debug|Any CPU
		{A1B2C3D4-E5F6-47A8-B9C0-D1E2F3041526}.Debug|Any CPU.Build.0 = Debug|Any CPU
		{A1B2C3D4-E5F6-47A8-B9C0-D1E2F3041526}.Release|Any CPU.ActiveCfg = Release|Any CPU
		{A1B2C3D4-E5F6-47A8-B9C0-D1E2F3041526}.Release|Any CPU.Build.0 = Release|Any CPU
	EndGlobalSection
EndGlobal
